// !$*UTF8*$!
{
	archiveVersion = 1;
	classes = {
	};
	objectVersion = 46;
	objects = {

/* Begin PBXBuildFile section */
		262CBC3C1B56A72100B97CC1 /* SonLayer.m in Sources */ = {isa = PBXBuildFile; fileRef = 262CBC3B1B56A72100B97CC1 /* SonLayer.m */; };
		2668767B1B57EF40005B4B67 /* RRActionSheet.m in Sources */ = {isa = PBXBuildFile; fileRef = 2668767A1B57EF40005B4B67 /* RRActionSheet.m */; };
		2678E9F31B149EDC0089F41A /* MasViewController.m in Sources */ = {isa = PBXBuildFile; fileRef = 2678E9F11B149EDC0089F41A /* MasViewController.m */; };
		2678E9F41B149EDC0089F41A /* MasViewController.xib in Resources */ = {isa = PBXBuildFile; fileRef = 2678E9F21B149EDC0089F41A /* MasViewController.xib */; };
		26B06C401B5E814D00A71C2F /* GradientViewController.m in Sources */ = {isa = PBXBuildFile; fileRef = 26B06C3E1B5E814D00A71C2F /* GradientViewController.m */; };
		26B06C411B5E814D00A71C2F /* GradientViewController.xib in Resources */ = {isa = PBXBuildFile; fileRef = 26B06C3F1B5E814D00A71C2F /* GradientViewController.xib */; };
		26DFC5341B4C10FC0040AAAE /* TestView.m in Sources */ = {isa = PBXBuildFile; fileRef = 26DFC5331B4C10FC0040AAAE /* TestView.m */; };
		26DFC5361B4C112E0040AAAE /* TestView.xib in Resources */ = {isa = PBXBuildFile; fileRef = 26DFC5351B4C112E0040AAAE /* TestView.xib */; };
		866067020E9A3B4FD9F6B6CC /* libPods.a in Frameworks */ = {isa = PBXBuildFile; fileRef = 171D5551CF206A5F94C7A3C7 /* libPods.a */; };
		94D7E1961AE8C8BB00153228 /* main.m in Sources */ = {isa = PBXBuildFile; fileRef = 94D7E1951AE8C8BB00153228 /* main.m */; };
		94D7E1991AE8C8BB00153228 /* AppDelegate.m in Sources */ = {isa = PBXBuildFile; fileRef = 94D7E1981AE8C8BB00153228 /* AppDelegate.m */; };
		94D7E19C1AE8C8BB00153228 /* ViewController.m in Sources */ = {isa = PBXBuildFile; fileRef = 94D7E19B1AE8C8BB00153228 /* ViewController.m */; };
		94D7E19F1AE8C8BB00153228 /* Main.storyboard in Resources */ = {isa = PBXBuildFile; fileRef = 94D7E19D1AE8C8BB00153228 /* Main.storyboard */; };
		94D7E1A11AE8C8BB00153228 /* Images.xcassets in Resources */ = {isa = PBXBuildFile; fileRef = 94D7E1A01AE8C8BB00153228 /* Images.xcassets */; };
		94D7E1A41AE8C8BB00153228 /* LaunchScreen.xib in Resources */ = {isa = PBXBuildFile; fileRef = 94D7E1A21AE8C8BB00153228 /* LaunchScreen.xib */; };
		94D7E1B01AE8C8BB00153228 /* NavDemoTests.m in Sources */ = {isa = PBXBuildFile; fileRef = 94D7E1AF1AE8C8BB00153228 /* NavDemoTests.m */; };
		94D7E1BB1AE8D0D600153228 /* per_center_bg@2x.png in Resources */ = {isa = PBXBuildFile; fileRef = 94D7E1B91AE8D0D600153228 /* per_center_bg@2x.png */; };
		94D7E1BC1AE8D0D600153228 /* per_center_bg@3x.png in Resources */ = {isa = PBXBuildFile; fileRef = 94D7E1BA1AE8D0D600153228 /* per_center_bg@3x.png */; };
		94D7E1BF1AE8E0A000153228 /* UINavigationBar+Awesome.m in Sources */ = {isa = PBXBuildFile; fileRef = 94D7E1BE1AE8E0A000153228 /* UINavigationBar+Awesome.m */; };
		94D7E1C31AE9D31600153228 /* MessageLayer.m in Sources */ = {isa = PBXBuildFile; fileRef = 94D7E1C21AE9D31600153228 /* MessageLayer.m */; };
/* End PBXBuildFile section */

/* Begin PBXContainerItemProxy section */
		94D7E1AA1AE8C8BB00153228 /* PBXContainerItemProxy */ = {
			isa = PBXContainerItemProxy;
			containerPortal = 94D7E1881AE8C8BB00153228 /* Project object */;
			proxyType = 1;
			remoteGlobalIDString = 94D7E18F1AE8C8BB00153228;
			remoteInfo = NavDemo;
		};
/* End PBXContainerItemProxy section */

/* Begin PBXFileReference section */
		171D5551CF206A5F94C7A3C7 /* libPods.a */ = {isa = PBXFileReference; explicitFileType = archive.ar; includeInIndex = 0; path = libPods.a; sourceTree = BUILT_PRODUCTS_DIR; };
		18C523A0D2D4005E6C17BC67 /* Pods.release.xcconfig */ = {isa = PBXFileReference; includeInIndex = 1; lastKnownFileType = text.xcconfig; name = Pods.release.xcconfig; path = "Pods/Target Support Files/Pods/Pods.release.xcconfig"; sourceTree = "<group>"; };
		262CBC3A1B56A72100B97CC1 /* SonLayer.h */ = {isa = PBXFileReference; fileEncoding = 4; lastKnownFileType = sourcecode.c.h; path = SonLayer.h; sourceTree = "<group>"; };
		262CBC3B1B56A72100B97CC1 /* SonLayer.m */ = {isa = PBXFileReference; fileEncoding = 4; lastKnownFileType = sourcecode.c.objc; path = SonLayer.m; sourceTree = "<group>"; };
		266876791B57EF40005B4B67 /* RRActionSheet.h */ = {isa = PBXFileReference; fileEncoding = 4; lastKnownFileType = sourcecode.c.h; path = RRActionSheet.h; sourceTree = "<group>"; };
		2668767A1B57EF40005B4B67 /* RRActionSheet.m */ = {isa = PBXFileReference; fileEncoding = 4; lastKnownFileType = sourcecode.c.objc; path = RRActionSheet.m; sourceTree = "<group>"; };
		2678E9F01B149EDC0089F41A /* MasViewController.h */ = {isa = PBXFileReference; fileEncoding = 4; lastKnownFileType = sourcecode.c.h; path = MasViewController.h; sourceTree = "<group>"; };
		2678E9F11B149EDC0089F41A /* MasViewController.m */ = {isa = PBXFileReference; fileEncoding = 4; lastKnownFileType = sourcecode.c.objc; path = MasViewController.m; sourceTree = "<group>"; };
		2678E9F21B149EDC0089F41A /* MasViewController.xib */ = {isa = PBXFileReference; fileEncoding = 4; lastKnownFileType = file.xib; path = MasViewController.xib; sourceTree = "<group>"; };
		26B06C3D1B5E814D00A71C2F /* GradientViewController.h */ = {isa = PBXFileReference; fileEncoding = 4; lastKnownFileType = sourcecode.c.h; path = GradientViewController.h; sourceTree = "<group>"; };
		26B06C3E1B5E814D00A71C2F /* GradientViewController.m */ = {isa = PBXFileReference; fileEncoding = 4; lastKnownFileType = sourcecode.c.objc; path = GradientViewController.m; sourceTree = "<group>"; };
		26B06C3F1B5E814D00A71C2F /* GradientViewController.xib */ = {isa = PBXFileReference; fileEncoding = 4; lastKnownFileType = file.xib; path = GradientViewController.xib; sourceTree = "<group>"; };
		26DFC5321B4C10FC0040AAAE /* TestView.h */ = {isa = PBXFileReference; fileEncoding = 4; lastKnownFileType = sourcecode.c.h; path = TestView.h; sourceTree = "<group>"; };
		26DFC5331B4C10FC0040AAAE /* TestView.m */ = {isa = PBXFileReference; fileEncoding = 4; lastKnownFileType = sourcecode.c.objc; path = TestView.m; sourceTree = "<group>"; };
		26DFC5351B4C112E0040AAAE /* TestView.xib */ = {isa = PBXFileReference; fileEncoding = 4; lastKnownFileType = file.xib; path = TestView.xib; sourceTree = "<group>"; };
		26E210071B55475900CAEB4E /* MyPlayground.playground */ = {isa = PBXFileReference; lastKnownFileType = file.playground; path = MyPlayground.playground; sourceTree = "<group>"; };
		94D7E1901AE8C8BB00153228 /* NavDemo.app */ = {isa = PBXFileReference; explicitFileType = wrapper.application; includeInIndex = 0; path = NavDemo.app; sourceTree = BUILT_PRODUCTS_DIR; };
		94D7E1941AE8C8BB00153228 /* Info.plist */ = {isa = PBXFileReference; lastKnownFileType = text.plist.xml; path = Info.plist; sourceTree = "<group>"; };
		94D7E1951AE8C8BB00153228 /* main.m */ = {isa = PBXFileReference; lastKnownFileType = sourcecode.c.objc; path = main.m; sourceTree = "<group>"; };
		94D7E1971AE8C8BB00153228 /* AppDelegate.h */ = {isa = PBXFileReference; lastKnownFileType = sourcecode.c.h; path = AppDelegate.h; sourceTree = "<group>"; };
		94D7E1981AE8C8BB00153228 /* AppDelegate.m */ = {isa = PBXFileReference; lastKnownFileType = sourcecode.c.objc; path = AppDelegate.m; sourceTree = "<group>"; };
		94D7E19A1AE8C8BB00153228 /* ViewController.h */ = {isa = PBXFileReference; lastKnownFileType = sourcecode.c.h; path = ViewController.h; sourceTree = "<group>"; };
		94D7E19B1AE8C8BB00153228 /* ViewController.m */ = {isa = PBXFileReference; lastKnownFileType = sourcecode.c.objc; path = ViewController.m; sourceTree = "<group>"; };
		94D7E19E1AE8C8BB00153228 /* Base */ = {isa = PBXFileReference; lastKnownFileType = file.storyboard; name = Base; path = Base.lproj/Main.storyboard; sourceTree = "<group>"; };
		94D7E1A01AE8C8BB00153228 /* Images.xcassets */ = {isa = PBXFileReference; lastKnownFileType = folder.assetcatalog; path = Images.xcassets; sourceTree = "<group>"; };
		94D7E1A31AE8C8BB00153228 /* Base */ = {isa = PBXFileReference; lastKnownFileType = file.xib; name = Base; path = Base.lproj/LaunchScreen.xib; sourceTree = "<group>"; };
		94D7E1A91AE8C8BB00153228 /* NavDemoTests.xctest */ = {isa = PBXFileReference; explicitFileType = wrapper.cfbundle; includeInIndex = 0; path = NavDemoTests.xctest; sourceTree = BUILT_PRODUCTS_DIR; };
		94D7E1AE1AE8C8BB00153228 /* Info.plist */ = {isa = PBXFileReference; lastKnownFileType = text.plist.xml; path = Info.plist; sourceTree = "<group>"; };
		94D7E1AF1AE8C8BB00153228 /* NavDemoTests.m */ = {isa = PBXFileReference; lastKnownFileType = sourcecode.c.objc; path = NavDemoTests.m; sourceTree = "<group>"; };
		94D7E1B91AE8D0D600153228 /* per_center_bg@2x.png */ = {isa = PBXFileReference; lastKnownFileType = image.png; path = "per_center_bg@2x.png"; sourceTree = "<group>"; };
		94D7E1BA1AE8D0D600153228 /* per_center_bg@3x.png */ = {isa = PBXFileReference; lastKnownFileType = image.png; path = "per_center_bg@3x.png"; sourceTree = "<group>"; };
		94D7E1BD1AE8E0A000153228 /* UINavigationBar+Awesome.h */ = {isa = PBXFileReference; fileEncoding = 4; lastKnownFileType = sourcecode.c.h; path = "UINavigationBar+Awesome.h"; sourceTree = "<group>"; };
		94D7E1BE1AE8E0A000153228 /* UINavigationBar+Awesome.m */ = {isa = PBXFileReference; fileEncoding = 4; lastKnownFileType = sourcecode.c.objc; path = "UINavigationBar+Awesome.m"; sourceTree = "<group>"; };
		94D7E1C01AE9379000153228 /* PrefixHeader.pch */ = {isa = PBXFileReference; fileEncoding = 4; lastKnownFileType = sourcecode.c.h; path = PrefixHeader.pch; sourceTree = "<group>"; };
		94D7E1C11AE9D31600153228 /* MessageLayer.h */ = {isa = PBXFileReference; fileEncoding = 4; lastKnownFileType = sourcecode.c.h; path = MessageLayer.h; sourceTree = "<group>"; };
		94D7E1C21AE9D31600153228 /* MessageLayer.m */ = {isa = PBXFileReference; fileEncoding = 4; lastKnownFileType = sourcecode.c.objc; path = MessageLayer.m; sourceTree = "<group>"; };
		C92D724350C41F98A88F2907 /* Pods.debug.xcconfig */ = {isa = PBXFileReference; includeInIndex = 1; lastKnownFileType = text.xcconfig; name = Pods.debug.xcconfig; path = "Pods/Target Support Files/Pods/Pods.debug.xcconfig"; sourceTree = "<group>"; };
/* End PBXFileReference section */

/* Begin PBXFrameworksBuildPhase section */
		94D7E18D1AE8C8BB00153228 /* Frameworks */ = {
			isa = PBXFrameworksBuildPhase;
			buildActionMask = 2147483647;
			files = (
				866067020E9A3B4FD9F6B6CC /* libPods.a in Frameworks */,
			);
			runOnlyForDeploymentPostprocessing = 0;
		};
		94D7E1A61AE8C8BB00153228 /* Frameworks */ = {
			isa = PBXFrameworksBuildPhase;
			buildActionMask = 2147483647;
			files = (
			);
			runOnlyForDeploymentPostprocessing = 0;
		};
/* End PBXFrameworksBuildPhase section */

/* Begin PBXGroup section */
		94D7E1871AE8C8BB00153228 = {
			isa = PBXGroup;
			children = (
				94D7E1921AE8C8BB00153228 /* NavDemo */,
				94D7E1AC1AE8C8BB00153228 /* NavDemoTests */,
				94D7E1911AE8C8BB00153228 /* Products */,
				B34DA4F95A65D0A5EAD72051 /* Pods */,
				CC5F57E5EB9520B1A46C4695 /* Frameworks */,
			);
			sourceTree = "<group>";
		};
		94D7E1911AE8C8BB00153228 /* Products */ = {
			isa = PBXGroup;
			children = (
				94D7E1901AE8C8BB00153228 /* NavDemo.app */,
				94D7E1A91AE8C8BB00153228 /* NavDemoTests.xctest */,
			);
			name = Products;
			sourceTree = "<group>";
		};
		94D7E1921AE8C8BB00153228 /* NavDemo */ = {
			isa = PBXGroup;
			children = (
				94D7E1BD1AE8E0A000153228 /* UINavigationBar+Awesome.h */,
				94D7E1BE1AE8E0A000153228 /* UINavigationBar+Awesome.m */,
				94D7E1971AE8C8BB00153228 /* AppDelegate.h */,
				94D7E1981AE8C8BB00153228 /* AppDelegate.m */,
				94D7E19A1AE8C8BB00153228 /* ViewController.h */,
				94D7E19B1AE8C8BB00153228 /* ViewController.m */,
				262CBC3A1B56A72100B97CC1 /* SonLayer.h */,
				262CBC3B1B56A72100B97CC1 /* SonLayer.m */,
				94D7E1C11AE9D31600153228 /* MessageLayer.h */,
				94D7E1C21AE9D31600153228 /* MessageLayer.m */,
				266876791B57EF40005B4B67 /* RRActionSheet.h */,
				2668767A1B57EF40005B4B67 /* RRActionSheet.m */,
				26B06C3D1B5E814D00A71C2F /* GradientViewController.h */,
				26B06C3E1B5E814D00A71C2F /* GradientViewController.m */,
				26B06C3F1B5E814D00A71C2F /* GradientViewController.xib */,
				2678E9F01B149EDC0089F41A /* MasViewController.h */,
				2678E9F11B149EDC0089F41A /* MasViewController.m */,
				2678E9F21B149EDC0089F41A /* MasViewController.xib */,
				26DFC5321B4C10FC0040AAAE /* TestView.h */,
				26DFC5331B4C10FC0040AAAE /* TestView.m */,
				26DFC5351B4C112E0040AAAE /* TestView.xib */,
				94D7E19D1AE8C8BB00153228 /* Main.storyboard */,
				94D7E1A01AE8C8BB00153228 /* Images.xcassets */,
				94D7E1A21AE8C8BB00153228 /* LaunchScreen.xib */,
				26E210071B55475900CAEB4E /* MyPlayground.playground */,
				94D7E1931AE8C8BB00153228 /* Supporting Files */,
			);
			path = NavDemo;
			sourceTree = "<group>";
		};
		94D7E1931AE8C8BB00153228 /* Supporting Files */ = {
			isa = PBXGroup;
			children = (
				94D7E1B91AE8D0D600153228 /* per_center_bg@2x.png */,
				94D7E1BA1AE8D0D600153228 /* per_center_bg@3x.png */,
				94D7E1941AE8C8BB00153228 /* Info.plist */,
				94D7E1951AE8C8BB00153228 /* main.m */,
				94D7E1C01AE9379000153228 /* PrefixHeader.pch */,
			);
			name = "Supporting Files";
			sourceTree = "<group>";
		};
		94D7E1AC1AE8C8BB00153228 /* NavDemoTests */ = {
			isa = PBXGroup;
			children = (
				94D7E1AF1AE8C8BB00153228 /* NavDemoTests.m */,
				94D7E1AD1AE8C8BB00153228 /* Supporting Files */,
			);
			path = NavDemoTests;
			sourceTree = "<group>";
		};
		94D7E1AD1AE8C8BB00153228 /* Supporting Files */ = {
			isa = PBXGroup;
			children = (
				94D7E1AE1AE8C8BB00153228 /* Info.plist */,
			);
			name = "Supporting Files";
			sourceTree = "<group>";
		};
		B34DA4F95A65D0A5EAD72051 /* Pods */ = {
			isa = PBXGroup;
			children = (
				C92D724350C41F98A88F2907 /* Pods.debug.xcconfig */,
				18C523A0D2D4005E6C17BC67 /* Pods.release.xcconfig */,
			);
			name = Pods;
			sourceTree = "<group>";
		};
		CC5F57E5EB9520B1A46C4695 /* Frameworks */ = {
			isa = PBXGroup;
			children = (
				171D5551CF206A5F94C7A3C7 /* libPods.a */,
			);
			name = Frameworks;
			sourceTree = "<group>";
		};
/* End PBXGroup section */

/* Begin PBXNativeTarget section */
		94D7E18F1AE8C8BB00153228 /* NavDemo */ = {
			isa = PBXNativeTarget;
			buildConfigurationList = 94D7E1B31AE8C8BB00153228 /* Build configuration list for PBXNativeTarget "NavDemo" */;
			buildPhases = (
				E35C66D64D38068E63DC2DEF /* Check Pods Manifest.lock */,
				94D7E18C1AE8C8BB00153228 /* Sources */,
				94D7E18D1AE8C8BB00153228 /* Frameworks */,
				94D7E18E1AE8C8BB00153228 /* Resources */,
				7516C738AD9C6ACCF4D78607 /* Copy Pods Resources */,
			);
			buildRules = (
			);
			dependencies = (
			);
			name = NavDemo;
			productName = NavDemo;
			productReference = 94D7E1901AE8C8BB00153228 /* NavDemo.app */;
			productType = "com.apple.product-type.application";
		};
		94D7E1A81AE8C8BB00153228 /* NavDemoTests */ = {
			isa = PBXNativeTarget;
			buildConfigurationList = 94D7E1B61AE8C8BB00153228 /* Build configuration list for PBXNativeTarget "NavDemoTests" */;
			buildPhases = (
				94D7E1A51AE8C8BB00153228 /* Sources */,
				94D7E1A61AE8C8BB00153228 /* Frameworks */,
				94D7E1A71AE8C8BB00153228 /* Resources */,
			);
			buildRules = (
			);
			dependencies = (
				94D7E1AB1AE8C8BB00153228 /* PBXTargetDependency */,
			);
			name = NavDemoTests;
			productName = NavDemoTests;
			productReference = 94D7E1A91AE8C8BB00153228 /* NavDemoTests.xctest */;
			productType = "com.apple.product-type.bundle.unit-test";
		};
/* End PBXNativeTarget section */

/* Begin PBXProject section */
		94D7E1881AE8C8BB00153228 /* Project object */ = {
			isa = PBXProject;
			attributes = {
				LastUpgradeCheck = 0630;
				ORGANIZATIONNAME = BitAuto;
				TargetAttributes = {
					94D7E18F1AE8C8BB00153228 = {
						CreatedOnToolsVersion = 6.3;
					};
					94D7E1A81AE8C8BB00153228 = {
						CreatedOnToolsVersion = 6.3;
						TestTargetID = 94D7E18F1AE8C8BB00153228;
					};
				};
			};
			buildConfigurationList = 94D7E18B1AE8C8BB00153228 /* Build configuration list for PBXProject "NavDemo" */;
			compatibilityVersion = "Xcode 3.2";
			developmentRegion = English;
			hasScannedForEncodings = 0;
			knownRegions = (
				en,
				Base,
			);
			mainGroup = 94D7E1871AE8C8BB00153228;
			productRefGroup = 94D7E1911AE8C8BB00153228 /* Products */;
			projectDirPath = "";
			projectRoot = "";
			targets = (
				94D7E18F1AE8C8BB00153228 /* NavDemo */,
				94D7E1A81AE8C8BB00153228 /* NavDemoTests */,
			);
		};
/* End PBXProject section */

/* Begin PBXResourcesBuildPhase section */
		94D7E18E1AE8C8BB00153228 /* Resources */ = {
			isa = PBXResourcesBuildPhase;
			buildActionMask = 2147483647;
			files = (
				26B06C411B5E814D00A71C2F /* GradientViewController.xib in Resources */,
				2678E9F41B149EDC0089F41A /* MasViewController.xib in Resources */,
				94D7E1BB1AE8D0D600153228 /* per_center_bg@2x.png in Resources */,
				94D7E19F1AE8C8BB00153228 /* Main.storyboard in Resources */,
				94D7E1BC1AE8D0D600153228 /* per_center_bg@3x.png in Resources */,
				94D7E1A41AE8C8BB00153228 /* LaunchScreen.xib in Resources */,
				26DFC5361B4C112E0040AAAE /* TestView.xib in Resources */,
				94D7E1A11AE8C8BB00153228 /* Images.xcassets in Resources */,
			);
			runOnlyForDeploymentPostprocessing = 0;
		};
		94D7E1A71AE8C8BB00153228 /* Resources */ = {
			isa = PBXResourcesBuildPhase;
			buildActionMask = 2147483647;
			files = (
			);
			runOnlyForDeploymentPostprocessing = 0;
		};
/* End PBXResourcesBuildPhase section */

/* Begin PBXShellScriptBuildPhase section */
		7516C738AD9C6ACCF4D78607 /* Copy Pods Resources */ = {
			isa = PBXShellScriptBuildPhase;
			buildActionMask = 2147483647;
			files = (
			);
			inputPaths = (
			);
			name = "Copy Pods Resources";
			outputPaths = (
			);
			runOnlyForDeploymentPostprocessing = 0;
			shellPath = /bin/sh;
			shellScript = "\"${SRCROOT}/Pods/Target Support Files/Pods/Pods-resources.sh\"\n";
			showEnvVarsInLog = 0;
		};
		E35C66D64D38068E63DC2DEF /* Check Pods Manifest.lock */ = {
			isa = PBXShellScriptBuildPhase;
			buildActionMask = 2147483647;
			files = (
			);
			inputPaths = (
			);
			name = "Check Pods Manifest.lock";
			outputPaths = (
			);
			runOnlyForDeploymentPostprocessing = 0;
			shellPath = /bin/sh;
			shellScript = "diff \"${PODS_ROOT}/../Podfile.lock\" \"${PODS_ROOT}/Manifest.lock\" > /dev/null\nif [[ $? != 0 ]] ; then\n    cat << EOM\nerror: The sandbox is not in sync with the Podfile.lock. Run 'pod install' or update your CocoaPods installation.\nEOM\n    exit 1\nfi\n";
			showEnvVarsInLog = 0;
		};
/* End PBXShellScriptBuildPhase section */

/* Begin PBXSourcesBuildPhase section */
		94D7E18C1AE8C8BB00153228 /* Sources */ = {
			isa = PBXSourcesBuildPhase;
			buildActionMask = 2147483647;
			files = (
				26DFC5341B4C10FC0040AAAE /* TestView.m in Sources */,
				2678E9F31B149EDC0089F41A /* MasViewController.m in Sources */,
				262CBC3C1B56A72100B97CC1 /* SonLayer.m in Sources */,
				94D7E19C1AE8C8BB00153228 /* ViewController.m in Sources */,
				26B06C401B5E814D00A71C2F /* GradientViewController.m in Sources */,
				94D7E1991AE8C8BB00153228 /* AppDelegate.m in Sources */,
				94D7E1C31AE9D31600153228 /* MessageLayer.m in Sources */,
				2668767B1B57EF40005B4B67 /* RRActionSheet.m in Sources */,
				94D7E1961AE8C8BB00153228 /* main.m in Sources */,
				94D7E1BF1AE8E0A000153228 /* UINavigationBar+Awesome.m in Sources */,
			);
			runOnlyForDeploymentPostprocessing = 0;
		};
		94D7E1A51AE8C8BB00153228 /* Sources */ = {
			isa = PBXSourcesBuildPhase;
			buildActionMask = 2147483647;
			files = (
				94D7E1B01AE8C8BB00153228 /* NavDemoTests.m in Sources */,
			);
			runOnlyForDeploymentPostprocessing = 0;
		};
/* End PBXSourcesBuildPhase section */

/* Begin PBXTargetDependency section */
		94D7E1AB1AE8C8BB00153228 /* PBXTargetDependency */ = {
			isa = PBXTargetDependency;
			target = 94D7E18F1AE8C8BB00153228 /* NavDemo */;
			targetProxy = 94D7E1AA1AE8C8BB00153228 /* PBXContainerItemProxy */;
		};
/* End PBXTargetDependency section */

/* Begin PBXVariantGroup section */
		94D7E19D1AE8C8BB00153228 /* Main.storyboard */ = {
			isa = PBXVariantGroup;
			children = (
				94D7E19E1AE8C8BB00153228 /* Base */,
			);
			name = Main.storyboard;
			sourceTree = "<group>";
		};
		94D7E1A21AE8C8BB00153228 /* LaunchScreen.xib */ = {
			isa = PBXVariantGroup;
			children = (
				94D7E1A31AE8C8BB00153228 /* Base */,
			);
			name = LaunchScreen.xib;
			sourceTree = "<group>";
		};
/* End PBXVariantGroup section */

/* Begin XCBuildConfiguration section */
		94D7E1B11AE8C8BB00153228 /* Debug */ = {
			isa = XCBuildConfiguration;
			buildSettings = {
				ALWAYS_SEARCH_USER_PATHS = NO;
				CLANG_CXX_LANGUAGE_STANDARD = "gnu++0x";
				CLANG_CXX_LIBRARY = "libc++";
				CLANG_ENABLE_MODULES = YES;
				CLANG_ENABLE_OBJC_ARC = YES;
				CLANG_WARN_BOOL_CONVERSION = YES;
				CLANG_WARN_CONSTANT_CONVERSION = YES;
				CLANG_WARN_DIRECT_OBJC_ISA_USAGE = YES_ERROR;
				CLANG_WARN_EMPTY_BODY = YES;
				CLANG_WARN_ENUM_CONVERSION = YES;
				CLANG_WARN_INT_CONVERSION = YES;
				CLANG_WARN_OBJC_ROOT_CLASS = YES_ERROR;
				CLANG_WARN_UNREACHABLE_CODE = YES;
				CLANG_WARN__DUPLICATE_METHOD_MATCH = YES;
				"CODE_SIGN_IDENTITY[sdk=iphoneos*]" = "iPhone Developer";
				COPY_PHASE_STRIP = NO;
				DEBUG_INFORMATION_FORMAT = "dwarf-with-dsym";
				ENABLE_STRICT_OBJC_MSGSEND = YES;
				GCC_C_LANGUAGE_STANDARD = gnu99;
				GCC_DYNAMIC_NO_PIC = NO;
				GCC_NO_COMMON_BLOCKS = YES;
				GCC_OPTIMIZATION_LEVEL = 0;
				GCC_PREPROCESSOR_DEFINITIONS = (
					"DEBUG=1",
					"$(inherited)",
				);
				GCC_SYMBOLS_PRIVATE_EXTERN = NO;
				GCC_WARN_64_TO_32_BIT_CONVERSION = YES;
				GCC_WARN_ABOUT_RETURN_TYPE = YES_ERROR;
				GCC_WARN_UNDECLARED_SELECTOR = YES;
				GCC_WARN_UNINITIALIZED_AUTOS = YES_AGGRESSIVE;
				GCC_WARN_UNUSED_FUNCTION = YES;
				GCC_WARN_UNUSED_VARIABLE = YES;
				IPHONEOS_DEPLOYMENT_TARGET = 8.3;
				MTL_ENABLE_DEBUG_INFO = YES;
				ONLY_ACTIVE_ARCH = YES;
				SDKROOT = iphoneos;
				TARGETED_DEVICE_FAMILY = "1,2";
			};
			name = Debug;
		};
		94D7E1B21AE8C8BB00153228 /* Release */ = {
			isa = XCBuildConfiguration;
			buildSettings = {
				ALWAYS_SEARCH_USER_PATHS = NO;
				CLANG_CXX_LANGUAGE_STANDARD = "gnu++0x";
				CLANG_CXX_LIBRARY = "libc++";
				CLANG_ENABLE_MODULES = YES;
				CLANG_ENABLE_OBJC_ARC = YES;
				CLANG_WARN_BOOL_CONVERSION = YES;
				CLANG_WARN_CONSTANT_CONVERSION = YES;
				CLANG_WARN_DIRECT_OBJC_ISA_USAGE = YES_ERROR;
				CLANG_WARN_EMPTY_BODY = YES;
				CLANG_WARN_ENUM_CONVERSION = YES;
				CLANG_WARN_INT_CONVERSION = YES;
				CLANG_WARN_OBJC_ROOT_CLASS = YES_ERROR;
				CLANG_WARN_UNREACHABLE_CODE = YES;
				CLANG_WARN__DUPLICATE_METHOD_MATCH = YES;
				"CODE_SIGN_IDENTITY[sdk=iphoneos*]" = "iPhone Developer";
				COPY_PHASE_STRIP = NO;
				DEBUG_INFORMATION_FORMAT = "dwarf-with-dsym";
				ENABLE_NS_ASSERTIONS = NO;
				ENABLE_STRICT_OBJC_MSGSEND = YES;
				GCC_C_LANGUAGE_STANDARD = gnu99;
				GCC_NO_COMMON_BLOCKS = YES;
				GCC_WARN_64_TO_32_BIT_CONVERSION = YES;
				GCC_WARN_ABOUT_RETURN_TYPE = YES_ERROR;
				GCC_WARN_UNDECLARED_SELECTOR = YES;
				GCC_WARN_UNINITIALIZED_AUTOS = YES_AGGRESSIVE;
				GCC_WARN_UNUSED_FUNCTION = YES;
				GCC_WARN_UNUSED_VARIABLE = YES;
				IPHONEOS_DEPLOYMENT_TARGET = 8.3;
				MTL_ENABLE_DEBUG_INFO = NO;
				SDKROOT = iphoneos;
				TARGETED_DEVICE_FAMILY = "1,2";
				VALIDATE_PRODUCT = YES;
			};
			name = Release;
		};
		94D7E1B41AE8C8BB00153228 /* Debug */ = {
			isa = XCBuildConfiguration;
			baseConfigurationReference = C92D724350C41F98A88F2907 /* Pods.debug.xcconfig */;
			buildSettings = {
				ASSETCATALOG_COMPILER_APPICON_NAME = AppIcon;
				INFOPLIST_FILE = NavDemo/Info.plist;
				LD_RUNPATH_SEARCH_PATHS = "$(inherited) @executable_path/Frameworks";
				PRODUCT_NAME = "$(TARGET_NAME)";
			};
			name = Debug;
		};
		94D7E1B51AE8C8BB00153228 /* Release */ = {
			isa = XCBuildConfiguration;
			baseConfigurationReference = 18C523A0D2D4005E6C17BC67 /* Pods.release.xcconfig */;
			buildSettings = {
				ASSETCATALOG_COMPILER_APPICON_NAME = AppIcon;
				INFOPLIST_FILE = NavDemo/Info.plist;
				LD_RUNPATH_SEARCH_PATHS = "$(inherited) @executable_path/Frameworks";
				PRODUCT_NAME = "$(TARGET_NAME)";
			};
			name = Release;
		};
		94D7E1B71AE8C8BB00153228 /* Debug */ = {
			isa = XCBuildConfiguration;
			buildSettings = {
				BUNDLE_LOADER = "$(TEST_HOST)";
				FRAMEWORK_SEARCH_PATHS = (
					"$(SDKROOT)/Developer/Library/Frameworks",
					"$(inherited)",
				);
				GCC_PREPROCESSOR_DEFINITIONS = (
					"DEBUG=1",
					"$(inherited)",
				);
				INFOPLIST_FILE = NavDemoTests/Info.plist;
				LD_RUNPATH_SEARCH_PATHS = "$(inherited) @executable_path/Frameworks @loader_path/Frameworks";
				PRODUCT_NAME = "$(TARGET_NAME)";
				TEST_HOST = "$(BUILT_PRODUCTS_DIR)/NavDemo.app/NavDemo";
			};
			name = Debug;
		};
		94D7E1B81AE8C8BB00153228 /* Release */ = {
			isa = XCBuildConfiguration;
			buildSettings = {
				BUNDLE_LOADER = "$(TEST_HOST)";
				FRAMEWORK_SEARCH_PATHS = (
					"$(SDKROOT)/Developer/Library/Frameworks",
					"$(inherited)",
				);
				INFOPLIST_FILE = NavDemoTests/Info.plist;
				LD_RUNPATH_SEARCH_PATHS = "$(inherited) @executable_path/Frameworks @loader_path/Frameworks";
				PRODUCT_NAME = "$(TARGET_NAME)";
				TEST_HOST = "$(BUILT_PRODUCTS_DIR)/NavDemo.app/NavDemo";
			};
			name = Release;
		};
/* End XCBuildConfiguration section */

/* Begin XCConfigurationList section */
		94D7E18B1AE8C8BB00153228 /* Build configuration list for PBXProject "NavDemo" */ = {
			isa = XCConfigurationList;
			buildConfigurations = (
				94D7E1B11AE8C8BB00153228 /* Debug */,
				94D7E1B21AE8C8BB00153228 /* Release */,
			);
			defaultConfigurationIsVisible = 0;
			defaultConfigurationName = Release;
		};
		94D7E1B31AE8C8BB00153228 /* Build configuration list for PBXNativeTarget "NavDemo" */ = {
			isa = XCConfigurationList;
			buildConfigurations = (
				94D7E1B41AE8C8BB00153228 /* Debug */,
				94D7E1B51AE8C8BB00153228 /* Release */,
			);
			defaultConfigurationIsVisible = 0;
			defaultConfigurationName = Release;
		};
		94D7E1B61AE8C8BB00153228 /* Build configuration list for PBXNativeTarget "NavDemoTests" */ = {
			isa = XCConfigurationList;
			buildConfigurations = (
				94D7E1B71AE8C8BB00153228 /* Debug */,
				94D7E1B81AE8C8BB00153228 /* Release */,
			);
			defaultConfigurationIsVisible = 0;
			defaultConfigurationName = Release;
		};
/* End XCConfigurationList section */
	};
	rootObject = 94D7E1881AE8C8BB00153228 /* Project object */;
}
